<?xml version="1.0" encoding="utf-8"?>
<Project ToolsVersion="4.0" xmlns="http://schemas.microsoft.com/developer/msbuild/2003">
  <ItemGroup>
    <Filter Include="Source Files">
      <UniqueIdentifier>{4FC737F1-C7A5-4376-A066-2A32D752A2FF}</UniqueIdentifier>
      <Extensions>cpp;c;cc;cxx;c++;cppm;ixx;def;odl;idl;hpj;bat;asm;asmx</Extensions>
    </Filter>
    <Filter Include="Header Files">
      <UniqueIdentifier>{93995380-89BD-4b04-88EB-625FBE52EBFB}</UniqueIdentifier>
      <Extensions>h;hh;hpp;hxx;h++;hm;inl;inc;ipp;xsd</Extensions>
    </Filter>
    <Filter Include="Resource Files">
      <UniqueIdentifier>{67DA6AB6-F800-4c08-8B7A-83BB121AAD01}</UniqueIdentifier>
      <Extensions>rc;ico;cur;bmp;dlg;rc2;rct;bin;rgs;gif;jpg;jpeg;jpe;resx;tiff;tif;png;wav;mfcribbon-ms</Extensions>
    </Filter>
    <Filter Include="Resource Files\move tables">
      <UniqueIdentifier>{b207906f-e05f-45d6-8edc-2a3c8a50669f}</UniqueIdentifier>
    </Filter>
    <Filter Include="Resource Files\symmetry stuffs">
      <UniqueIdentifier>{b4b0d52c-7850-4517-a2b0-a71b1460bb39}</UniqueIdentifier>
    </Filter>
    <Filter Include="Resource Files\pruning tables">
      <UniqueIdentifier>{c6dd7fac-43cf-4e12-8a98-45469559942a}</UniqueIdentifier>
    </Filter>
    <Filter Include="Resource Files\3D RENDERING">
      <UniqueIdentifier>{46df0cd6-9bbc-470c-92f4-c92ff3bc0799}</UniqueIdentifier>
    </Filter>
    <Filter Include="Header Files\place edge in right place">
      <UniqueIdentifier>{9d939758-75c8-4254-a615-0856ec35e0e0}</UniqueIdentifier>
    </Filter>
  </ItemGroup>
  <ItemGroup>
    <ClInclude Include="facelets.h">
      <Filter>Header Files</Filter>
    </ClInclude>
    <ClInclude Include="miscellaneous functions.h">
      <Filter>Header Files</Filter>
    </ClInclude>
    <ClInclude Include="constants.h">
      <Filter>Header Files</Filter>
    </ClInclude>
    <ClInclude Include="enums.h">
      <Filter>Header Files</Filter>
    </ClInclude>
    <ClInclude Include="cubie.h">
      <Filter>Header Files</Filter>
    </ClInclude>
    <ClInclude Include="turns.h">
      <Filter>Header Files</Filter>
    </ClInclude>
    <ClInclude Include="coord.h">
      <Filter>Header Files</Filter>
    </ClInclude>
    <ClInclude Include="symmetries.h">
      <Filter>Header Files</Filter>
    </ClInclude>
    <ClInclude Include="pruning.h">
      <Filter>Header Files</Filter>
    </ClInclude>
    <ClInclude Include="solver.h">
      <Filter>Header Files</Filter>
    </ClInclude>
    <ClInclude Include="make facelets.h">
      <Filter>Resource Files\3D RENDERING</Filter>
    </ClInclude>
    <ClInclude Include="camera and movement.h">
      <Filter>Resource Files\3D RENDERING</Filter>
    </ClInclude>
    <ClInclude Include="place edge in right place.h">
      <Filter>Header Files\place edge in right place</Filter>
    </ClInclude>
    <ClInclude Include="moves.h">
      <Filter>Header Files</Filter>
    </ClInclude>
    <ClInclude Include="to facelet.h">
      <Filter>Header Files</Filter>
    </ClInclude>
  </ItemGroup>
  <ItemGroup>
    <ClCompile Include="main.cpp">
      <Filter>Source Files</Filter>
    </ClCompile>
  </ItemGroup>
  <ItemGroup>
    <None Include="corners move table.bin">
      <Filter>Resource Files\move tables</Filter>
    </None>
    <None Include="flip move table.bin">
      <Filter>Resource Files\move tables</Filter>
    </None>
    <None Include="twist move table.bin">
      <Filter>Resource Files\move tables</Filter>
    </None>
    <None Include="ud edges move table.bin">
      <Filter>Resource Files\move tables</Filter>
    </None>
    <None Include="ud slice phase 2 move table.bin">
      <Filter>Resource Files\move tables</Filter>
    </None>
    <None Include="freeglut.dll">
      <Filter>Resource Files</Filter>
    </None>
  </ItemGroup>
</Project>